
Microsoft Visual Studio Solution File, Format Version 12.00
# Visual Studio Version 17
VisualStudioVersion = 17.1.32414.318
MinimumVisualStudioVersion = 10.0.40219.1
Project("{9A19103F-16F7-4668-BE54-9A1E7A4F7556}") = "Voidway Bot", "Voidway Bot.csproj", "{FD62AC80-514A-445C-9A38-396831E99022}"
EndProject
Project("{FAE04EC0-301F-11D3-BF4B-00C04F79EFBC}") = "Modio", "modio.net\Modio\Modio.csproj", "{CEDF4AD9-9F1A-4027-A72B-78220A0D4C8A}"
EndProject
Project("{FAE04EC0-301F-11D3-BF4B-00C04F79EFBC}") = "Voidway", "Voidway\Voidway.csproj", "{B40DF78E-05E1-45BF-99ED-382217259E8D}"
EndProject
Project("{FAE04EC0-301F-11D3-BF4B-00C04F79EFBC}") = "Relauncher", "Relauncher\Relauncher.csproj", "{84F49B12-A86C-4DDF-99D4-8814A93D2DD1}"
EndProject
Global
	GlobalSection(SolutionConfigurationPlatforms) = preSolution
		Debug|Any CPU = Debug|Any CPU
		Debug|ARM64 = Debug|ARM64
		DebugARM|Any CPU = DebugARM|Any CPU
		DebugARM|ARM64 = DebugARM|ARM64
		Release|Any CPU = Release|Any CPU
		Release|ARM64 = Release|ARM64
	EndGlobalSection
	GlobalSection(ProjectConfigurationPlatforms) = postSolution
		{FD62AC80-514A-445C-9A38-396831E99022}.Debug|Any CPU.ActiveCfg = Debug|Any CPU
		{FD62AC80-514A-445C-9A38-396831E99022}.Debug|Any CPU.Build.0 = Debug|Any CPU
		{FD62AC80-514A-445C-9A38-396831E99022}.Debug|ARM64.ActiveCfg = Debug|Any CPU
		{FD62AC80-514A-445C-9A38-396831E99022}.Debug|ARM64.Build.0 = Debug|Any CPU
		{FD62AC80-514A-445C-9A38-396831E99022}.DebugARM|Any CPU.ActiveCfg = Debug|Any CPU
		{FD62AC80-514A-445C-9A38-396831E99022}.DebugARM|Any CPU.Build.0 = Debug|Any CPU
		{FD62AC80-514A-445C-9A38-396831E99022}.DebugARM|ARM64.ActiveCfg = Debug|Any CPU
		{FD62AC80-514A-445C-9A38-396831E99022}.DebugARM|ARM64.Build.0 = Debug|Any CPU
		{FD62AC80-514A-445C-9A38-396831E99022}.Release|Any CPU.ActiveCfg = Release|Any CPU
		{FD62AC80-514A-445C-9A38-396831E99022}.Release|Any CPU.Build.0 = Release|Any CPU
		{FD62AC80-514A-445C-9A38-396831E99022}.Release|ARM64.ActiveCfg = Release|Any CPU
		{FD62AC80-514A-445C-9A38-396831E99022}.Release|ARM64.Build.0 = Release|Any CPU
		{CEDF4AD9-9F1A-4027-A72B-78220A0D4C8A}.Debug|Any CPU.ActiveCfg = Debug|Any CPU
		{CEDF4AD9-9F1A-4027-A72B-78220A0D4C8A}.Debug|Any CPU.Build.0 = Debug|Any CPU
		{CEDF4AD9-9F1A-4027-A72B-78220A0D4C8A}.Debug|ARM64.ActiveCfg = Debug|Any CPU
		{CEDF4AD9-9F1A-4027-A72B-78220A0D4C8A}.Debug|ARM64.Build.0 = Debug|Any CPU
		{CEDF4AD9-9F1A-4027-A72B-78220A0D4C8A}.DebugARM|Any CPU.ActiveCfg = Debug|Any CPU
		{CEDF4AD9-9F1A-4027-A72B-78220A0D4C8A}.DebugARM|Any CPU.Build.0 = Debug|Any CPU
		{CEDF4AD9-9F1A-4027-A72B-78220A0D4C8A}.DebugARM|ARM64.ActiveCfg = Debug|Any CPU
		{CEDF4AD9-9F1A-4027-A72B-78220A0D4C8A}.DebugARM|ARM64.Build.0 = Debug|Any CPU
		{CEDF4AD9-9F1A-4027-A72B-78220A0D4C8A}.Release|Any CPU.ActiveCfg = Release|Any CPU
		{CEDF4AD9-9F1A-4027-A72B-78220A0D4C8A}.Release|Any CPU.Build.0 = Release|Any CPU
		{CEDF4AD9-9F1A-4027-A72B-78220A0D4C8A}.Release|ARM64.ActiveCfg = Release|Any CPU
		{CEDF4AD9-9F1A-4027-A72B-78220A0D4C8A}.Release|ARM64.Build.0 = Release|Any CPU
		{B40DF78E-05E1-45BF-99ED-382217259E8D}.Debug|Any CPU.ActiveCfg = Debug|Any CPU
		{B40DF78E-05E1-45BF-99ED-382217259E8D}.Debug|Any CPU.Build.0 = Debug|Any CPU
		{B40DF78E-05E1-45BF-99ED-382217259E8D}.Debug|ARM64.ActiveCfg = Debug|Any CPU
		{B40DF78E-05E1-45BF-99ED-382217259E8D}.Debug|ARM64.Build.0 = Debug|Any CPU
		{B40DF78E-05E1-45BF-99ED-382217259E8D}.DebugARM|Any CPU.ActiveCfg = Debug|Any CPU
		{B40DF78E-05E1-45BF-99ED-382217259E8D}.DebugARM|Any CPU.Build.0 = Debug|Any CPU
		{B40DF78E-05E1-45BF-99ED-382217259E8D}.DebugARM|ARM64.ActiveCfg = Debug|Any CPU
		{B40DF78E-05E1-45BF-99ED-382217259E8D}.DebugARM|ARM64.Build.0 = Debug|Any CPU
		{B40DF78E-05E1-45BF-99ED-382217259E8D}.Release|Any CPU.ActiveCfg = Release|Any CPU
		{B40DF78E-05E1-45BF-99ED-382217259E8D}.Release|Any CPU.Build.0 = Release|Any CPU
		{B40DF78E-05E1-45BF-99ED-382217259E8D}.Release|ARM64.ActiveCfg = Release|Any CPU
		{B40DF78E-05E1-45BF-99ED-382217259E8D}.Release|ARM64.Build.0 = Release|Any CPU
		{84F49B12-A86C-4DDF-99D4-8814A93D2DD1}.Debug|Any CPU.ActiveCfg = Debug|Any CPU
		{84F49B12-A86C-4DDF-99D4-8814A93D2DD1}.Debug|Any CPU.Build.0 = Debug|Any CPU
		{84F49B12-A86C-4DDF-99D4-8814A93D2DD1}.Debug|ARM64.ActiveCfg = Debug|Any CPU
		{84F49B12-A86C-4DDF-99D4-8814A93D2DD1}.Debug|ARM64.Build.0 = Debug|Any CPU
		{84F49B12-A86C-4DDF-99D4-8814A93D2DD1}.DebugARM|Any CPU.ActiveCfg = Debug|Any CPU
		{84F49B12-A86C-4DDF-99D4-8814A93D2DD1}.DebugARM|Any CPU.Build.0 = Debug|Any CPU
		{84F49B12-A86C-4DDF-99D4-8814A93D2DD1}.DebugARM|ARM64.ActiveCfg = Debug|Any CPU
		{84F49B12-A86C-4DDF-99D4-8814A93D2DD1}.DebugARM|ARM64.Build.0 = Debug|Any CPU
		{84F49B12-A86C-4DDF-99D4-8814A93D2DD1}.Release|Any CPU.ActiveCfg = Release|Any CPU
		{84F49B12-A86C-4DDF-99D4-8814A93D2DD1}.Release|Any CPU.Build.0 = Release|Any CPU
		{84F49B12-A86C-4DDF-99D4-8814A93D2DD1}.Release|ARM64.ActiveCfg = Release|Any CPU
		{84F49B12-A86C-4DDF-99D4-8814A93D2DD1}.Release|ARM64.Build.0 = Release|Any CPU
	EndGlobalSection
	GlobalSection(SolutionProperties) = preSolution
		HideSolutionNode = FALSE
	EndGlobalSection
	GlobalSection(ExtensibilityGlobals) = postSolution
		SolutionGuid = {2C704BE3-70A9-42EF-8A98-91D318C57D6A}
	EndGlobalSection
EndGlobal
